
Microsoft Visual Studio Solution File, Format Version 12.00
# Visual Studio 15
VisualStudioVersion = 15.0.28010.2026
MinimumVisualStudioVersion = 10.0.40219.1
Project("{FAE04EC0-301F-11D3-BF4B-00C04F79EFBC}") = "PartyInvites", "PartyInvites\PartyInvites.csproj", "{3AEE215E-A017-4E48-8B0E-2951E8693737}"
EndProject
Global
	GlobalSection(SolutionConfigurationPlatforms) = preSolution
		Debug|Any CPU = Debug|Any CPU
		Release|Any CPU = Release|Any CPU
	EndGlobalSection
	GlobalSection(ProjectConfigurationPlatforms) = postSolution
		{3AEE215E-A017-4E48-8B0E-2951E8693737}.Debug|Any CPU.ActiveCfg = Debug|Any CPU
		{3AEE215E-A017-4E48-8B0E-2951E8693737}.Debug|Any CPU.Build.0 = Debug|Any CPU
		{3AEE215E-A017-4E48-8B0E-2951E8693737}.Release|Any CPU.ActiveCfg = Release|Any CPU
		{3AEE215E-A017-4E48-8B0E-2951E8693737}.Release|Any CPU.Build.0 = Release|Any CPU
	EndGlobalSection
	GlobalSection(SolutionProperties) = preSolution
		HideSolutionNode = FALSE
	EndGlobalSection
	GlobalSection(ExtensibilityGlobals) = postSolution
		SolutionGuid = {43DBCCCE-6959-4C42-862D-B0D3103D7081}
	EndGlobalSection
EndGlobal
